// !$*UTF8*$!
{
	archiveVersion = 1;
	classes = {
	};
	objectVersion = 50;
	objects = {

/* Begin PBXBuildFile section */
		9C0EA6A626448D9600E0467B /* FlickrSearchPresentation.framework in Frameworks */ = {isa = PBXBuildFile; fileRef = 9C0EA69C26448D9600E0467B /* FlickrSearchPresentation.framework */; };
		9C0EA6AB26448D9600E0467B /* FlickrSearchPresentationTests.swift in Sources */ = {isa = PBXBuildFile; fileRef = 9C0EA6AA26448D9600E0467B /* FlickrSearchPresentationTests.swift */; };
		9C0EA6AD26448D9600E0467B /* FlickrSearchPresentation.h in Headers */ = {isa = PBXBuildFile; fileRef = 9C0EA69F26448D9600E0467B /* FlickrSearchPresentation.h */; settings = {ATTRIBUTES = (Public, ); }; };
		9C0EA6E5264494A100E0467B /* FlickrSearchData.framework in Frameworks */ = {isa = PBXBuildFile; fileRef = 9C0EA6E4264494A100E0467B /* FlickrSearchData.framework */; };
		9C0EA6E6264494A100E0467B /* FlickrSearchData.framework in Embed Frameworks */ = {isa = PBXBuildFile; fileRef = 9C0EA6E4264494A100E0467B /* FlickrSearchData.framework */; settings = {ATTRIBUTES = (CodeSignOnCopy, RemoveHeadersOnCopy, ); }; };
		9C6C4275264541190057F38B /* ImageDownloader.swift in Sources */ = {isa = PBXBuildFile; fileRef = 9C6C4274264541190057F38B /* ImageDownloader.swift */; };
		9CBEA4F226449D8E00DD2C53 /* FlickrImagesSearchStoryboard.storyboard in Resources */ = {isa = PBXBuildFile; fileRef = 9CBEA4F126449D8E00DD2C53 /* FlickrImagesSearchStoryboard.storyboard */; };
		9CBEA4F726449F8F00DD2C53 /* RecentSearchCell.swift in Sources */ = {isa = PBXBuildFile; fileRef = 9CBEA4F526449F8F00DD2C53 /* RecentSearchCell.swift */; };
		9CBEA4F826449F8F00DD2C53 /* RecentSearchCell.xib in Resources */ = {isa = PBXBuildFile; fileRef = 9CBEA4F626449F8F00DD2C53 /* RecentSearchCell.xib */; };
		9CBEA4FB2644A05A00DD2C53 /* AppDIInterface.swift in Sources */ = {isa = PBXBuildFile; fileRef = 9CBEA4FA2644A05A00DD2C53 /* AppDIInterface.swift */; };
		9CBEA4FE2644A0AE00DD2C53 /* FlickrImagesSearchVM.swift in Sources */ = {isa = PBXBuildFile; fileRef = 9CBEA4FD2644A0AE00DD2C53 /* FlickrImagesSearchVM.swift */; };
		9CBEA5022644A10200DD2C53 /* FlickrImageCell.swift in Sources */ = {isa = PBXBuildFile; fileRef = 9CBEA5002644A10200DD2C53 /* FlickrImageCell.swift */; };
		9CBEA5032644A10200DD2C53 /* FlickrImageCell.xib in Resources */ = {isa = PBXBuildFile; fileRef = 9CBEA5012644A10200DD2C53 /* FlickrImageCell.xib */; };
		9CCFB6B426451894007A6E9C /* FlickrImagesSearchVC.swift in Sources */ = {isa = PBXBuildFile; fileRef = 9CCFB6B326451894007A6E9C /* FlickrImagesSearchVC.swift */; };
		9CCFB6BD264519ED007A6E9C /* FlickrImagesSearchVC+TableView.swift in Sources */ = {isa = PBXBuildFile; fileRef = 9CCFB6BC264519ED007A6E9C /* FlickrImagesSearchVC+TableView.swift */; };
		9CCFB6C0264519FD007A6E9C /* FlickrImagesSearchVC+CollectionView.swift in Sources */ = {isa = PBXBuildFile; fileRef = 9CCFB6BF264519FD007A6E9C /* FlickrImagesSearchVC+CollectionView.swift */; };
		9CCFB6C326451B28007A6E9C /* FlickrImagesSearch+SearchBar.swift in Sources */ = {isa = PBXBuildFile; fileRef = 9CCFB6C226451B28007A6E9C /* FlickrImagesSearch+SearchBar.swift */; };
		9CCFB6C726451E7C007A6E9C /* Utils.swift in Sources */ = {isa = PBXBuildFile; fileRef = 9CCFB6C626451E7C007A6E9C /* Utils.swift */; };
		9CCFB6DA2645327C007A6E9C /* UIImage+Downloaded.swift in Sources */ = {isa = PBXBuildFile; fileRef = 9CCFB6D92645327C007A6E9C /* UIImage+Downloaded.swift */; };
/* End PBXBuildFile section */

/* Begin PBXContainerItemProxy section */
		9C0EA6A726448D9600E0467B /* PBXContainerItemProxy */ = {
			isa = PBXContainerItemProxy;
			containerPortal = 9C0EA69326448D9500E0467B /* Project object */;
			proxyType = 1;
			remoteGlobalIDString = 9C0EA69B26448D9600E0467B;
			remoteInfo = FlickrSearchPresentation;
		};
/* End PBXContainerItemProxy section */

/* Begin PBXCopyFilesBuildPhase section */
		9C0EA6E7264494A100E0467B /* Embed Frameworks */ = {
			isa = PBXCopyFilesBuildPhase;
			buildActionMask = 2147483647;
			dstPath = "";
			dstSubfolderSpec = 10;
			files = (
				9C0EA6E6264494A100E0467B /* FlickrSearchData.framework in Embed Frameworks */,
			);
			name = "Embed Frameworks";
			runOnlyForDeploymentPostprocessing = 0;
		};
/* End PBXCopyFilesBuildPhase section */

/* Begin PBXFileReference section */
		9C0EA69C26448D9600E0467B /* FlickrSearchPresentation.framework */ = {isa = PBXFileReference; explicitFileType = wrapper.framework; includeInIndex = 0; path = FlickrSearchPresentation.framework; sourceTree = BUILT_PRODUCTS_DIR; };
		9C0EA69F26448D9600E0467B /* FlickrSearchPresentation.h */ = {isa = PBXFileReference; lastKnownFileType = sourcecode.c.h; path = FlickrSearchPresentation.h; sourceTree = "<group>"; };
		9C0EA6A026448D9600E0467B /* Info.plist */ = {isa = PBXFileReference; lastKnownFileType = text.plist.xml; path = Info.plist; sourceTree = "<group>"; };
		9C0EA6A526448D9600E0467B /* FlickrSearchPresentationTests.xctest */ = {isa = PBXFileReference; explicitFileType = wrapper.cfbundle; includeInIndex = 0; path = FlickrSearchPresentationTests.xctest; sourceTree = BUILT_PRODUCTS_DIR; };
		9C0EA6AA26448D9600E0467B /* FlickrSearchPresentationTests.swift */ = {isa = PBXFileReference; lastKnownFileType = sourcecode.swift; path = FlickrSearchPresentationTests.swift; sourceTree = "<group>"; };
		9C0EA6AC26448D9600E0467B /* Info.plist */ = {isa = PBXFileReference; lastKnownFileType = text.plist.xml; path = Info.plist; sourceTree = "<group>"; };
		9C0EA6E4264494A100E0467B /* FlickrSearchData.framework */ = {isa = PBXFileReference; explicitFileType = wrapper.framework; path = FlickrSearchData.framework; sourceTree = BUILT_PRODUCTS_DIR; };
		9C6C4274264541190057F38B /* ImageDownloader.swift */ = {isa = PBXFileReference; lastKnownFileType = sourcecode.swift; path = ImageDownloader.swift; sourceTree = "<group>"; };
		9CBEA4F126449D8E00DD2C53 /* FlickrImagesSearchStoryboard.storyboard */ = {isa = PBXFileReference; lastKnownFileType = file.storyboard; path = FlickrImagesSearchStoryboard.storyboard; sourceTree = "<group>"; };
		9CBEA4F526449F8F00DD2C53 /* RecentSearchCell.swift */ = {isa = PBXFileReference; lastKnownFileType = sourcecode.swift; path = RecentSearchCell.swift; sourceTree = "<group>"; };
		9CBEA4F626449F8F00DD2C53 /* RecentSearchCell.xib */ = {isa = PBXFileReference; lastKnownFileType = file.xib; path = RecentSearchCell.xib; sourceTree = "<group>"; };
		9CBEA4FA2644A05A00DD2C53 /* AppDIInterface.swift */ = {isa = PBXFileReference; lastKnownFileType = sourcecode.swift; path = AppDIInterface.swift; sourceTree = "<group>"; };
		9CBEA4FD2644A0AE00DD2C53 /* FlickrImagesSearchVM.swift */ = {isa = PBXFileReference; lastKnownFileType = sourcecode.swift; path = FlickrImagesSearchVM.swift; sourceTree = "<group>"; };
		9CBEA5002644A10200DD2C53 /* FlickrImageCell.swift */ = {isa = PBXFileReference; lastKnownFileType = sourcecode.swift; path = FlickrImageCell.swift; sourceTree = "<group>"; };
		9CBEA5012644A10200DD2C53 /* FlickrImageCell.xib */ = {isa = PBXFileReference; lastKnownFileType = file.xib; path = FlickrImageCell.xib; sourceTree = "<group>"; };
		9CCFB6B326451894007A6E9C /* FlickrImagesSearchVC.swift */ = {isa = PBXFileReference; lastKnownFileType = sourcecode.swift; path = FlickrImagesSearchVC.swift; sourceTree = "<group>"; };
		9CCFB6BC264519ED007A6E9C /* FlickrImagesSearchVC+TableView.swift */ = {isa = PBXFileReference; lastKnownFileType = sourcecode.swift; path = "FlickrImagesSearchVC+TableView.swift"; sourceTree = "<group>"; };
		9CCFB6BF264519FD007A6E9C /* FlickrImagesSearchVC+CollectionView.swift */ = {isa = PBXFileReference; lastKnownFileType = sourcecode.swift; path = "FlickrImagesSearchVC+CollectionView.swift"; sourceTree = "<group>"; };
		9CCFB6C226451B28007A6E9C /* FlickrImagesSearch+SearchBar.swift */ = {isa = PBXFileReference; lastKnownFileType = sourcecode.swift; path = "FlickrImagesSearch+SearchBar.swift"; sourceTree = "<group>"; };
		9CCFB6C626451E7C007A6E9C /* Utils.swift */ = {isa = PBXFileReference; lastKnownFileType = sourcecode.swift; path = Utils.swift; sourceTree = "<group>"; };
		9CCFB6D92645327C007A6E9C /* UIImage+Downloaded.swift */ = {isa = PBXFileReference; lastKnownFileType = sourcecode.swift; path = "UIImage+Downloaded.swift"; sourceTree = "<group>"; };
/* End PBXFileReference section */

/* Begin PBXFrameworksBuildPhase section */
		9C0EA69926448D9600E0467B /* Frameworks */ = {
			isa = PBXFrameworksBuildPhase;
			buildActionMask = 2147483647;
			files = (
				9C0EA6E5264494A100E0467B /* FlickrSearchData.framework in Frameworks */,
			);
			runOnlyForDeploymentPostprocessing = 0;
		};
		9C0EA6A226448D9600E0467B /* Frameworks */ = {
			isa = PBXFrameworksBuildPhase;
			buildActionMask = 2147483647;
			files = (
				9C0EA6A626448D9600E0467B /* FlickrSearchPresentation.framework in Frameworks */,
			);
			runOnlyForDeploymentPostprocessing = 0;
		};
/* End PBXFrameworksBuildPhase section */

/* Begin PBXGroup section */
		9C0EA69226448D9500E0467B = {
			isa = PBXGroup;
			children = (
				9C0EA69E26448D9600E0467B /* FlickrSearchPresentation */,
				9C0EA6A926448D9600E0467B /* FlickrSearchPresentationTests */,
				9C0EA69D26448D9600E0467B /* Products */,
				9C0EA6E3264494A100E0467B /* Frameworks */,
			);
			sourceTree = "<group>";
		};
		9C0EA69D26448D9600E0467B /* Products */ = {
			isa = PBXGroup;
			children = (
				9C0EA69C26448D9600E0467B /* FlickrSearchPresentation.framework */,
				9C0EA6A526448D9600E0467B /* FlickrSearchPresentationTests.xctest */,
			);
			name = Products;
			sourceTree = "<group>";
		};
		9C0EA69E26448D9600E0467B /* FlickrSearchPresentation */ = {
			isa = PBXGroup;
			children = (
				9CCFB6D82645326C007A6E9C /* Extensions */,
				9CCFB6C526451E73007A6E9C /* Helpers */,
				9CBEA4F026449D5000DD2C53 /* FlickrImagesSearch */,
				9C0EA69F26448D9600E0467B /* FlickrSearchPresentation.h */,
				9C0EA6A026448D9600E0467B /* Info.plist */,
				9CBEA4FA2644A05A00DD2C53 /* AppDIInterface.swift */,
			);
			path = FlickrSearchPresentation;
			sourceTree = "<group>";
		};
		9C0EA6A926448D9600E0467B /* FlickrSearchPresentationTests */ = {
			isa = PBXGroup;
			children = (
				9C0EA6AA26448D9600E0467B /* FlickrSearchPresentationTests.swift */,
				9C0EA6AC26448D9600E0467B /* Info.plist */,
			);
			path = FlickrSearchPresentationTests;
			sourceTree = "<group>";
		};
		9C0EA6E3264494A100E0467B /* Frameworks */ = {
			isa = PBXGroup;
			children = (
				9C0EA6E4264494A100E0467B /* FlickrSearchData.framework */,
			);
			name = Frameworks;
			sourceTree = "<group>";
		};
		9CBEA4F026449D5000DD2C53 /* FlickrImagesSearch */ = {
			isa = PBXGroup;
			children = (
				9CBEA4F426449F6700DD2C53 /* CustomCells */,
				9CBEA4F126449D8E00DD2C53 /* FlickrImagesSearchStoryboard.storyboard */,
				9CBEA4FD2644A0AE00DD2C53 /* FlickrImagesSearchVM.swift */,
				9CCFB6B326451894007A6E9C /* FlickrImagesSearchVC.swift */,
				9CCFB6BC264519ED007A6E9C /* FlickrImagesSearchVC+TableView.swift */,
				9CCFB6BF264519FD007A6E9C /* FlickrImagesSearchVC+CollectionView.swift */,
				9CCFB6C226451B28007A6E9C /* FlickrImagesSearch+SearchBar.swift */,
			);
			path = FlickrImagesSearch;
			sourceTree = "<group>";
		};
		9CBEA4F426449F6700DD2C53 /* CustomCells */ = {
			isa = PBXGroup;
			children = (
				9CBEA4F526449F8F00DD2C53 /* RecentSearchCell.swift */,
				9CBEA4F626449F8F00DD2C53 /* RecentSearchCell.xib */,
				9CBEA5002644A10200DD2C53 /* FlickrImageCell.swift */,
				9CBEA5012644A10200DD2C53 /* FlickrImageCell.xib */,
			);
			path = CustomCells;
			sourceTree = "<group>";
		};
		9CCFB6C526451E73007A6E9C /* Helpers */ = {
			isa = PBXGroup;
			children = (
				9CCFB6C626451E7C007A6E9C /* Utils.swift */,
				9C6C4274264541190057F38B /* ImageDownloader.swift */,
			);
			path = Helpers;
			sourceTree = "<group>";
		};
		9CCFB6D82645326C007A6E9C /* Extensions */ = {
			isa = PBXGroup;
			children = (
				9CCFB6D92645327C007A6E9C /* UIImage+Downloaded.swift */,
			);
			path = Extensions;
			sourceTree = "<group>";
		};
/* End PBXGroup section */

/* Begin PBXHeadersBuildPhase section */
		9C0EA69726448D9600E0467B /* Headers */ = {
			isa = PBXHeadersBuildPhase;
			buildActionMask = 2147483647;
			files = (
				9C0EA6AD26448D9600E0467B /* FlickrSearchPresentation.h in Headers */,
			);
			runOnlyForDeploymentPostprocessing = 0;
		};
/* End PBXHeadersBuildPhase section */

/* Begin PBXNativeTarget section */
		9C0EA69B26448D9600E0467B /* FlickrSearchPresentation */ = {
			isa = PBXNativeTarget;
			buildConfigurationList = 9C0EA6B026448D9600E0467B /* Build configuration list for PBXNativeTarget "FlickrSearchPresentation" */;
			buildPhases = (
				9C0EA69726448D9600E0467B /* Headers */,
				9C0EA69826448D9600E0467B /* Sources */,
				9C0EA69926448D9600E0467B /* Frameworks */,
				9C0EA69A26448D9600E0467B /* Resources */,
				9C0EA6E7264494A100E0467B /* Embed Frameworks */,
			);
			buildRules = (
			);
			dependencies = (
			);
			name = FlickrSearchPresentation;
			productName = FlickrSearchPresentation;
			productReference = 9C0EA69C26448D9600E0467B /* FlickrSearchPresentation.framework */;
			productType = "com.apple.product-type.framework";
		};
		9C0EA6A426448D9600E0467B /* FlickrSearchPresentationTests */ = {
			isa = PBXNativeTarget;
			buildConfigurationList = 9C0EA6B326448D9600E0467B /* Build configuration list for PBXNativeTarget "FlickrSearchPresentationTests" */;
			buildPhases = (
				9C0EA6A126448D9600E0467B /* Sources */,
				9C0EA6A226448D9600E0467B /* Frameworks */,
				9C0EA6A326448D9600E0467B /* Resources */,
			);
			buildRules = (
			);
			dependencies = (
				9C0EA6A826448D9600E0467B /* PBXTargetDependency */,
			);
			name = FlickrSearchPresentationTests;
			productName = FlickrSearchPresentationTests;
			productReference = 9C0EA6A526448D9600E0467B /* FlickrSearchPresentationTests.xctest */;
			productType = "com.apple.product-type.bundle.unit-test";
		};
/* End PBXNativeTarget section */

/* Begin PBXProject section */
		9C0EA69326448D9500E0467B /* Project object */ = {
			isa = PBXProject;
			attributes = {
				LastSwiftUpdateCheck = 1240;
				LastUpgradeCheck = 1240;
				TargetAttributes = {
					9C0EA69B26448D9600E0467B = {
						CreatedOnToolsVersion = 12.4;
						LastSwiftMigration = 1240;
					};
					9C0EA6A426448D9600E0467B = {
						CreatedOnToolsVersion = 12.4;
					};
				};
			};
			buildConfigurationList = 9C0EA69626448D9500E0467B /* Build configuration list for PBXProject "FlickrSearchPresentation" */;
			compatibilityVersion = "Xcode 9.3";
			developmentRegion = en;
			hasScannedForEncodings = 0;
			knownRegions = (
				en,
				Base,
			);
			mainGroup = 9C0EA69226448D9500E0467B;
			productRefGroup = 9C0EA69D26448D9600E0467B /* Products */;
			projectDirPath = "";
			projectRoot = "";
			targets = (
				9C0EA69B26448D9600E0467B /* FlickrSearchPresentation */,
				9C0EA6A426448D9600E0467B /* FlickrSearchPresentationTests */,
			);
		};
/* End PBXProject section */

/* Begin PBXResourcesBuildPhase section */
		9C0EA69A26448D9600E0467B /* Resources */ = {
			isa = PBXResourcesBuildPhase;
			buildActionMask = 2147483647;
			files = (
				9CBEA4F826449F8F00DD2C53 /* RecentSearchCell.xib in Resources */,
				9CBEA4F226449D8E00DD2C53 /* FlickrImagesSearchStoryboard.storyboard in Resources */,
				9CBEA5032644A10200DD2C53 /* FlickrImageCell.xib in Resources */,
			);
			runOnlyForDeploymentPostprocessing = 0;
		};
		9C0EA6A326448D9600E0467B /* Resources */ = {
			isa = PBXResourcesBuildPhase;
			buildActionMask = 2147483647;
			files = (
			);
			runOnlyForDeploymentPostprocessing = 0;
		};
/* End PBXResourcesBuildPhase section */

/* Begin PBXSourcesBuildPhase section */
		9C0EA69826448D9600E0467B /* Sources */ = {
			isa = PBXSourcesBuildPhase;
			buildActionMask = 2147483647;
			files = (
				9CBEA4FB2644A05A00DD2C53 /* AppDIInterface.swift in Sources */,
				9CCFB6C0264519FD007A6E9C /* FlickrImagesSearchVC+CollectionView.swift in Sources */,
				9CCFB6C726451E7C007A6E9C /* Utils.swift in Sources */,
				9CCFB6C326451B28007A6E9C /* FlickrImagesSearch+SearchBar.swift in Sources */,
				9CCFB6DA2645327C007A6E9C /* UIImage+Downloaded.swift in Sources */,
				9CCFB6B426451894007A6E9C /* FlickrImagesSearchVC.swift in Sources */,
				9C6C4275264541190057F38B /* ImageDownloader.swift in Sources */,
				9CBEA4FE2644A0AE00DD2C53 /* FlickrImagesSearchVM.swift in Sources */,
				9CCFB6BD264519ED007A6E9C /* FlickrImagesSearchVC+TableView.swift in Sources */,
				9CBEA5022644A10200DD2C53 /* FlickrImageCell.swift in Sources */,
				9CBEA4F726449F8F00DD2C53 /* RecentSearchCell.swift in Sources */,
			);
			runOnlyForDeploymentPostprocessing = 0;
		};
		9C0EA6A126448D9600E0467B /* Sources */ = {
			isa = PBXSourcesBuildPhase;
			buildActionMask = 2147483647;
			files = (
				9C0EA6AB26448D9600E0467B /* FlickrSearchPresentationTests.swift in Sources */,
			);
			runOnlyForDeploymentPostprocessing = 0;
		};
/* End PBXSourcesBuildPhase section */

/* Begin PBXTargetDependency section */
		9C0EA6A826448D9600E0467B /* PBXTargetDependency */ = {
			isa = PBXTargetDependency;
			target = 9C0EA69B26448D9600E0467B /* FlickrSearchPresentation */;
			targetProxy = 9C0EA6A726448D9600E0467B /* PBXContainerItemProxy */;
		};
/* End PBXTargetDependency section */

/* Begin XCBuildConfiguration section */
		9C0EA6AE26448D9600E0467B /* Debug */ = {
			isa = XCBuildConfiguration;
			buildSettings = {
				ALWAYS_SEARCH_USER_PATHS = NO;
				CLANG_ANALYZER_NONNULL = YES;
				CLANG_ANALYZER_NUMBER_OBJECT_CONVERSION = YES_AGGRESSIVE;
				CLANG_CXX_LANGUAGE_STANDARD = "gnu++14";
				CLANG_CXX_LIBRARY = "libc++";
				CLANG_ENABLE_MODULES = YES;
				CLANG_ENABLE_OBJC_ARC = YES;
				CLANG_ENABLE_OBJC_WEAK = YES;
				CLANG_WARN_BLOCK_CAPTURE_AUTORELEASING = YES;
				CLANG_WARN_BOOL_CONVERSION = YES;
				CLANG_WARN_COMMA = YES;
				CLANG_WARN_CONSTANT_CONVERSION = YES;
				CLANG_WARN_DEPRECATED_OBJC_IMPLEMENTATIONS = YES;
				CLANG_WARN_DIRECT_OBJC_ISA_USAGE = YES_ERROR;
				CLANG_WARN_DOCUMENTATION_COMMENTS = YES;
				CLANG_WARN_EMPTY_BODY = YES;
				CLANG_WARN_ENUM_CONVERSION = YES;
				CLANG_WARN_INFINITE_RECURSION = YES;
				CLANG_WARN_INT_CONVERSION = YES;
				CLANG_WARN_NON_LITERAL_NULL_CONVERSION = YES;
				CLANG_WARN_OBJC_IMPLICIT_RETAIN_SELF = YES;
				CLANG_WARN_OBJC_LITERAL_CONVERSION = YES;
				CLANG_WARN_OBJC_ROOT_CLASS = YES_ERROR;
				CLANG_WARN_QUOTED_INCLUDE_IN_FRAMEWORK_HEADER = YES;
				CLANG_WARN_RANGE_LOOP_ANALYSIS = YES;
				CLANG_WARN_STRICT_PROTOTYPES = YES;
				CLANG_WARN_SUSPICIOUS_MOVE = YES;
				CLANG_WARN_UNGUARDED_AVAILABILITY = YES_AGGRESSIVE;
				CLANG_WARN_UNREACHABLE_CODE = YES;
				CLANG_WARN__DUPLICATE_METHOD_MATCH = YES;
				COPY_PHASE_STRIP = NO;
				CURRENT_PROJECT_VERSION = 1;
				DEBUG_INFORMATION_FORMAT = dwarf;
				ENABLE_STRICT_OBJC_MSGSEND = YES;
				ENABLE_TESTABILITY = YES;
				GCC_C_LANGUAGE_STANDARD = gnu11;
				GCC_DYNAMIC_NO_PIC = NO;
				GCC_NO_COMMON_BLOCKS = YES;
				GCC_OPTIMIZATION_LEVEL = 0;
				GCC_PREPROCESSOR_DEFINITIONS = (
					"DEBUG=1",
					"$(inherited)",
				);
				GCC_WARN_64_TO_32_BIT_CONVERSION = YES;
				GCC_WARN_ABOUT_RETURN_TYPE = YES_ERROR;
				GCC_WARN_UNDECLARED_SELECTOR = YES;
				GCC_WARN_UNINITIALIZED_AUTOS = YES_AGGRESSIVE;
				GCC_WARN_UNUSED_FUNCTION = YES;
				GCC_WARN_UNUSED_VARIABLE = YES;
				IPHONEOS_DEPLOYMENT_TARGET = 13.0;
				MTL_ENABLE_DEBUG_INFO = INCLUDE_SOURCE;
				MTL_FAST_MATH = YES;
				ONLY_ACTIVE_ARCH = YES;
				SDKROOT = iphoneos;
				SWIFT_ACTIVE_COMPILATION_CONDITIONS = DEBUG;
				SWIFT_OPTIMIZATION_LEVEL = "-Onone";
				VERSIONING_SYSTEM = "apple-generic";
				VERSION_INFO_PREFIX = "";
			};
			name = Debug;
		};
		9C0EA6AF26448D9600E0467B /* Release */ = {
			isa = XCBuildConfiguration;
			buildSettings = {
				ALWAYS_SEARCH_USER_PATHS = NO;
				CLANG_ANALYZER_NONNULL = YES;
				CLANG_ANALYZER_NUMBER_OBJECT_CONVERSION = YES_AGGRESSIVE;
				CLANG_CXX_LANGUAGE_STANDARD = "gnu++14";
				CLANG_CXX_LIBRARY = "libc++";
				CLANG_ENABLE_MODULES = YES;
				CLANG_ENABLE_OBJC_ARC = YES;
				CLANG_ENABLE_OBJC_WEAK = YES;
				CLANG_WARN_BLOCK_CAPTURE_AUTORELEASING = YES;
				CLANG_WARN_BOOL_CONVERSION = YES;
				CLANG_WARN_COMMA = YES;
				CLANG_WARN_CONSTANT_CONVERSION = YES;
				CLANG_WARN_DEPRECATED_OBJC_IMPLEMENTATIONS = YES;
				CLANG_WARN_DIRECT_OBJC_ISA_USAGE = YES_ERROR;
				CLANG_WARN_DOCUMENTATION_COMMENTS = YES;
				CLANG_WARN_EMPTY_BODY = YES;
				CLANG_WARN_ENUM_CONVERSION = YES;
				CLANG_WARN_INFINITE_RECURSION = YES;
				CLANG_WARN_INT_CONVERSION = YES;
				CLANG_WARN_NON_LITERAL_NULL_CONVERSION = YES;
				CLANG_WARN_OBJC_IMPLICIT_RETAIN_SELF = YES;
				CLANG_WARN_OBJC_LITERAL_CONVERSION = YES;
				CLANG_WARN_OBJC_ROOT_CLASS = YES_ERROR;
				CLANG_WARN_QUOTED_INCLUDE_IN_FRAMEWORK_HEADER = YES;
				CLANG_WARN_RANGE_LOOP_ANALYSIS = YES;
				CLANG_WARN_STRICT_PROTOTYPES = YES;
				CLANG_WARN_SUSPICIOUS_MOVE = YES;
				CLANG_WARN_UNGUARDED_AVAILABILITY = YES_AGGRESSIVE;
				CLANG_WARN_UNREACHABLE_CODE = YES;
				CLANG_WARN__DUPLICATE_METHOD_MATCH = YES;
				COPY_PHASE_STRIP = NO;
				CURRENT_PROJECT_VERSION = 1;
				DEBUG_INFORMATION_FORMAT = "dwarf-with-dsym";
				ENABLE_NS_ASSERTIONS = NO;
				ENABLE_STRICT_OBJC_MSGSEND = YES;
				GCC_C_LANGUAGE_STANDARD = gnu11;
				GCC_NO_COMMON_BLOCKS = YES;
				GCC_WARN_64_TO_32_BIT_CONVERSION = YES;
				GCC_WARN_ABOUT_RETURN_TYPE = YES_ERROR;
				GCC_WARN_UNDECLARED_SELECTOR = YES;
				GCC_WARN_UNINITIALIZED_AUTOS = YES_AGGRESSIVE;
				GCC_WARN_UNUSED_FUNCTION = YES;
				GCC_WARN_UNUSED_VARIABLE = YES;
				IPHONEOS_DEPLOYMENT_TARGET = 13.0;
				MTL_ENABLE_DEBUG_INFO = NO;
				MTL_FAST_MATH = YES;
				SDKROOT = iphoneos;
				SWIFT_COMPILATION_MODE = wholemodule;
				SWIFT_OPTIMIZATION_LEVEL = "-O";
				VALIDATE_PRODUCT = YES;
				VERSIONING_SYSTEM = "apple-generic";
				VERSION_INFO_PREFIX = "";
			};
			name = Release;
		};
		9C0EA6B126448D9600E0467B /* Debug */ = {
			isa = XCBuildConfiguration;
			buildSettings = {
				CLANG_ENABLE_MODULES = YES;
				CODE_SIGN_STYLE = Automatic;
				DEFINES_MODULE = YES;
				DEVELOPMENT_TEAM = QCBY87LF55;
				DYLIB_COMPATIBILITY_VERSION = 1;
				DYLIB_CURRENT_VERSION = 1;
				DYLIB_INSTALL_NAME_BASE = "@rpath";
				INFOPLIST_FILE = FlickrSearchPresentation/Info.plist;
				INSTALL_PATH = "$(LOCAL_LIBRARY_DIR)/Frameworks";
				LD_RUNPATH_SEARCH_PATHS = (
					"$(inherited)",
					"@executable_path/Frameworks",
					"@loader_path/Frameworks",
				);
				PRODUCT_BUNDLE_IDENTIFIER = com.mohabdelaty.FlickrSearchPresentation;
				PRODUCT_NAME = "$(TARGET_NAME:c99extidentifier)";
				SKIP_INSTALL = YES;
				SWIFT_OPTIMIZATION_LEVEL = "-Onone";
				SWIFT_VERSION = 5.0;
				TARGETED_DEVICE_FAMILY = "1,2";
			};
			name = Debug;
		};
		9C0EA6B226448D9600E0467B /* Release */ = {
			isa = XCBuildConfiguration;
			buildSettings = {
				CLANG_ENABLE_MODULES = YES;
				CODE_SIGN_STYLE = Automatic;
				DEFINES_MODULE = YES;
				DEVELOPMENT_TEAM = QCBY87LF55;
				DYLIB_COMPATIBILITY_VERSION = 1;
				DYLIB_CURRENT_VERSION = 1;
				DYLIB_INSTALL_NAME_BASE = "@rpath";
				INFOPLIST_FILE = FlickrSearchPresentation/Info.plist;
				INSTALL_PATH = "$(LOCAL_LIBRARY_DIR)/Frameworks";
				LD_RUNPATH_SEARCH_PATHS = (
					"$(inherited)",
					"@executable_path/Frameworks",
					"@loader_path/Frameworks",
				);
				PRODUCT_BUNDLE_IDENTIFIER = com.mohabdelaty.FlickrSearchPresentation;
				PRODUCT_NAME = "$(TARGET_NAME:c99extidentifier)";
				SKIP_INSTALL = YES;
				SWIFT_VERSION = 5.0;
				TARGETED_DEVICE_FAMILY = "1,2";
			};
			name = Release;
		};
		9C0EA6B426448D9600E0467B /* Debug */ = {
			isa = XCBuildConfiguration;
			buildSettings = {
				ALWAYS_EMBED_SWIFT_STANDARD_LIBRARIES = YES;
				CODE_SIGN_STYLE = Automatic;
				DEVELOPMENT_TEAM = QCBY87LF55;
				INFOPLIST_FILE = FlickrSearchPresentationTests/Info.plist;
				LD_RUNPATH_SEARCH_PATHS = (
					"$(inherited)",
					"@executable_path/Frameworks",
					"@loader_path/Frameworks",
				);
				PRODUCT_BUNDLE_IDENTIFIER = com.mohabdelaty.FlickrSearchPresentationTests;
				PRODUCT_NAME = "$(TARGET_NAME)";
				SWIFT_VERSION = 5.0;
				TARGETED_DEVICE_FAMILY = "1,2";
			};
			name = Debug;
		};
		9C0EA6B526448D9600E0467B /* Release */ = {
			isa = XCBuildConfiguration;
			buildSettings = {
				ALWAYS_EMBED_SWIFT_STANDARD_LIBRARIES = YES;
				CODE_SIGN_STYLE = Automatic;
				DEVELOPMENT_TEAM = QCBY87LF55;
				INFOPLIST_FILE = FlickrSearchPresentationTests/Info.plist;
				LD_RUNPATH_SEARCH_PATHS = (
					"$(inherited)",
					"@executable_path/Frameworks",
					"@loader_path/Frameworks",
				);
				PRODUCT_BUNDLE_IDENTIFIER = com.mohabdelaty.FlickrSearchPresentationTests;
				PRODUCT_NAME = "$(TARGET_NAME)";
				SWIFT_VERSION = 5.0;
				TARGETED_DEVICE_FAMILY = "1,2";
			};
			name = Release;
		};
/* End XCBuildConfiguration section */

/* Begin XCConfigurationList section */
		9C0EA69626448D9500E0467B /* Build configuration list for PBXProject "FlickrSearchPresentation" */ = {
			isa = XCConfigurationList;
			buildConfigurations = (
				9C0EA6AE26448D9600E0467B /* Debug */,
				9C0EA6AF26448D9600E0467B /* Release */,
			);
			defaultConfigurationIsVisible = 0;
			defaultConfigurationName = Release;
		};
		9C0EA6B026448D9600E0467B /* Build configuration list for PBXNativeTarget "FlickrSearchPresentation" */ = {
			isa = XCConfigurationList;
			buildConfigurations = (
				9C0EA6B126448D9600E0467B /* Debug */,
				9C0EA6B226448D9600E0467B /* Release */,
			);
			defaultConfigurationIsVisible = 0;
			defaultConfigurationName = Release;
		};
		9C0EA6B326448D9600E0467B /* Build configuration list for PBXNativeTarget "FlickrSearchPresentationTests" */ = {
			isa = XCConfigurationList;
			buildConfigurations = (
				9C0EA6B426448D9600E0467B /* Debug */,
				9C0EA6B526448D9600E0467B /* Release */,
			);
			defaultConfigurationIsVisible = 0;
			defaultConfigurationName = Release;
		};
/* End XCConfigurationList section */
	};
	rootObject = 9C0EA69326448D9500E0467B /* Project object */;
}
