// !$*UTF8*$!
{
	archiveVersion = 1;
	classes = {
	};
	objectVersion = 50;
	objects = {

/* Begin PBXBuildFile section */
		9C0EA65A26448D6B00E0467B /* FlickrSearchDomain.framework in Frameworks */ = {isa = PBXBuildFile; fileRef = 9C0EA65026448D6B00E0467B /* FlickrSearchDomain.framework */; };
		9C0EA65F26448D6B00E0467B /* FlickrSearchDomainTests.swift in Sources */ = {isa = PBXBuildFile; fileRef = 9C0EA65E26448D6B00E0467B /* FlickrSearchDomainTests.swift */; };
		9C0EA66126448D6B00E0467B /* FlickrSearchDomain.h in Headers */ = {isa = PBXBuildFile; fileRef = 9C0EA65326448D6B00E0467B /* FlickrSearchDomain.h */; settings = {ATTRIBUTES = (Public, ); }; };
		9C0EA6CC26448F6E00E0467B /* FlickrImagesEntity.swift in Sources */ = {isa = PBXBuildFile; fileRef = 9C0EA6CB26448F6E00E0467B /* FlickrImagesEntity.swift */; };
		9C0EA6D02644911E00E0467B /* FlickrImagesDomainRepoInterface.swift in Sources */ = {isa = PBXBuildFile; fileRef = 9C0EA6CF2644911E00E0467B /* FlickrImagesDomainRepoInterface.swift */; };
		9C0EA6D52644915E00E0467B /* FlickrSearchError.swift in Sources */ = {isa = PBXBuildFile; fileRef = 9C0EA6D42644915E00E0467B /* FlickrSearchError.swift */; };
		9C0EA6DB264492B100E0467B /* FlickrImagesInteractor.swift in Sources */ = {isa = PBXBuildFile; fileRef = 9C0EA6DA264492B100E0467B /* FlickrImagesInteractor.swift */; };
/* End PBXBuildFile section */

/* Begin PBXContainerItemProxy section */
		9C0EA65B26448D6B00E0467B /* PBXContainerItemProxy */ = {
			isa = PBXContainerItemProxy;
			containerPortal = 9C0EA64726448D6B00E0467B /* Project object */;
			proxyType = 1;
			remoteGlobalIDString = 9C0EA64F26448D6B00E0467B;
			remoteInfo = FlickrSearchDomain;
		};
/* End PBXContainerItemProxy section */

/* Begin PBXFileReference section */
		9C0EA65026448D6B00E0467B /* FlickrSearchDomain.framework */ = {isa = PBXFileReference; explicitFileType = wrapper.framework; includeInIndex = 0; path = FlickrSearchDomain.framework; sourceTree = BUILT_PRODUCTS_DIR; };
		9C0EA65326448D6B00E0467B /* FlickrSearchDomain.h */ = {isa = PBXFileReference; lastKnownFileType = sourcecode.c.h; path = FlickrSearchDomain.h; sourceTree = "<group>"; };
		9C0EA65426448D6B00E0467B /* Info.plist */ = {isa = PBXFileReference; lastKnownFileType = text.plist.xml; path = Info.plist; sourceTree = "<group>"; };
		9C0EA65926448D6B00E0467B /* FlickrSearchDomainTests.xctest */ = {isa = PBXFileReference; explicitFileType = wrapper.cfbundle; includeInIndex = 0; path = FlickrSearchDomainTests.xctest; sourceTree = BUILT_PRODUCTS_DIR; };
		9C0EA65E26448D6B00E0467B /* FlickrSearchDomainTests.swift */ = {isa = PBXFileReference; lastKnownFileType = sourcecode.swift; path = FlickrSearchDomainTests.swift; sourceTree = "<group>"; };
		9C0EA66026448D6B00E0467B /* Info.plist */ = {isa = PBXFileReference; lastKnownFileType = text.plist.xml; path = Info.plist; sourceTree = "<group>"; };
		9C0EA6CB26448F6E00E0467B /* FlickrImagesEntity.swift */ = {isa = PBXFileReference; lastKnownFileType = sourcecode.swift; path = FlickrImagesEntity.swift; sourceTree = "<group>"; };
		9C0EA6CF2644911E00E0467B /* FlickrImagesDomainRepoInterface.swift */ = {isa = PBXFileReference; lastKnownFileType = sourcecode.swift; path = FlickrImagesDomainRepoInterface.swift; sourceTree = "<group>"; };
		9C0EA6D42644915E00E0467B /* FlickrSearchError.swift */ = {isa = PBXFileReference; lastKnownFileType = sourcecode.swift; path = FlickrSearchError.swift; sourceTree = "<group>"; };
		9C0EA6DA264492B100E0467B /* FlickrImagesInteractor.swift */ = {isa = PBXFileReference; lastKnownFileType = sourcecode.swift; path = FlickrImagesInteractor.swift; sourceTree = "<group>"; };
/* End PBXFileReference section */

/* Begin PBXFrameworksBuildPhase section */
		9C0EA64D26448D6B00E0467B /* Frameworks */ = {
			isa = PBXFrameworksBuildPhase;
			buildActionMask = 2147483647;
			files = (
			);
			runOnlyForDeploymentPostprocessing = 0;
		};
		9C0EA65626448D6B00E0467B /* Frameworks */ = {
			isa = PBXFrameworksBuildPhase;
			buildActionMask = 2147483647;
			files = (
				9C0EA65A26448D6B00E0467B /* FlickrSearchDomain.framework in Frameworks */,
			);
			runOnlyForDeploymentPostprocessing = 0;
		};
/* End PBXFrameworksBuildPhase section */

/* Begin PBXGroup section */
		9C0EA64626448D6B00E0467B = {
			isa = PBXGroup;
			children = (
				9C0EA65226448D6B00E0467B /* FlickrSearchDomain */,
				9C0EA65D26448D6B00E0467B /* FlickrSearchDomainTests */,
				9C0EA65126448D6B00E0467B /* Products */,
			);
			sourceTree = "<group>";
		};
		9C0EA65126448D6B00E0467B /* Products */ = {
			isa = PBXGroup;
			children = (
				9C0EA65026448D6B00E0467B /* FlickrSearchDomain.framework */,
				9C0EA65926448D6B00E0467B /* FlickrSearchDomainTests.xctest */,
			);
			name = Products;
			sourceTree = "<group>";
		};
		9C0EA65226448D6B00E0467B /* FlickrSearchDomain */ = {
			isa = PBXGroup;
			children = (
				9C0EA6D32644914F00E0467B /* SupportingFiles */,
				9C0EA6CA26448F4D00E0467B /* FlickrImages */,
				9C0EA65326448D6B00E0467B /* FlickrSearchDomain.h */,
				9C0EA65426448D6B00E0467B /* Info.plist */,
			);
			path = FlickrSearchDomain;
			sourceTree = "<group>";
		};
		9C0EA65D26448D6B00E0467B /* FlickrSearchDomainTests */ = {
			isa = PBXGroup;
			children = (
				9C0EA65E26448D6B00E0467B /* FlickrSearchDomainTests.swift */,
				9C0EA66026448D6B00E0467B /* Info.plist */,
			);
			path = FlickrSearchDomainTests;
			sourceTree = "<group>";
		};
		9C0EA6CA26448F4D00E0467B /* FlickrImages */ = {
			isa = PBXGroup;
			children = (
				9C0EA6CB26448F6E00E0467B /* FlickrImagesEntity.swift */,
				9C0EA6CF2644911E00E0467B /* FlickrImagesDomainRepoInterface.swift */,
				9C0EA6DA264492B100E0467B /* FlickrImagesInteractor.swift */,
			);
			path = FlickrImages;
			sourceTree = "<group>";
		};
		9C0EA6D32644914F00E0467B /* SupportingFiles */ = {
			isa = PBXGroup;
			children = (
				9C0EA6D42644915E00E0467B /* FlickrSearchError.swift */,
			);
			path = SupportingFiles;
			sourceTree = "<group>";
		};
/* End PBXGroup section */

/* Begin PBXHeadersBuildPhase section */
		9C0EA64B26448D6B00E0467B /* Headers */ = {
			isa = PBXHeadersBuildPhase;
			buildActionMask = 2147483647;
			files = (
				9C0EA66126448D6B00E0467B /* FlickrSearchDomain.h in Headers */,
			);
			runOnlyForDeploymentPostprocessing = 0;
		};
/* End PBXHeadersBuildPhase section */

/* Begin PBXNativeTarget section */
		9C0EA64F26448D6B00E0467B /* FlickrSearchDomain */ = {
			isa = PBXNativeTarget;
			buildConfigurationList = 9C0EA66426448D6B00E0467B /* Build configuration list for PBXNativeTarget "FlickrSearchDomain" */;
			buildPhases = (
				9C0EA64B26448D6B00E0467B /* Headers */,
				9C0EA64C26448D6B00E0467B /* Sources */,
				9C0EA64D26448D6B00E0467B /* Frameworks */,
				9C0EA64E26448D6B00E0467B /* Resources */,
			);
			buildRules = (
			);
			dependencies = (
			);
			name = FlickrSearchDomain;
			productName = FlickrSearchDomain;
			productReference = 9C0EA65026448D6B00E0467B /* FlickrSearchDomain.framework */;
			productType = "com.apple.product-type.framework";
		};
		9C0EA65826448D6B00E0467B /* FlickrSearchDomainTests */ = {
			isa = PBXNativeTarget;
			buildConfigurationList = 9C0EA66726448D6B00E0467B /* Build configuration list for PBXNativeTarget "FlickrSearchDomainTests" */;
			buildPhases = (
				9C0EA65526448D6B00E0467B /* Sources */,
				9C0EA65626448D6B00E0467B /* Frameworks */,
				9C0EA65726448D6B00E0467B /* Resources */,
			);
			buildRules = (
			);
			dependencies = (
				9C0EA65C26448D6B00E0467B /* PBXTargetDependency */,
			);
			name = FlickrSearchDomainTests;
			productName = FlickrSearchDomainTests;
			productReference = 9C0EA65926448D6B00E0467B /* FlickrSearchDomainTests.xctest */;
			productType = "com.apple.product-type.bundle.unit-test";
		};
/* End PBXNativeTarget section */

/* Begin PBXProject section */
		9C0EA64726448D6B00E0467B /* Project object */ = {
			isa = PBXProject;
			attributes = {
				LastSwiftUpdateCheck = 1240;
				LastUpgradeCheck = 1240;
				TargetAttributes = {
					9C0EA64F26448D6B00E0467B = {
						CreatedOnToolsVersion = 12.4;
						LastSwiftMigration = 1240;
					};
					9C0EA65826448D6B00E0467B = {
						CreatedOnToolsVersion = 12.4;
					};
				};
			};
			buildConfigurationList = 9C0EA64A26448D6B00E0467B /* Build configuration list for PBXProject "FlickrSearchDomain" */;
			compatibilityVersion = "Xcode 9.3";
			developmentRegion = en;
			hasScannedForEncodings = 0;
			knownRegions = (
				en,
				Base,
			);
			mainGroup = 9C0EA64626448D6B00E0467B;
			productRefGroup = 9C0EA65126448D6B00E0467B /* Products */;
			projectDirPath = "";
			projectRoot = "";
			targets = (
				9C0EA64F26448D6B00E0467B /* FlickrSearchDomain */,
				9C0EA65826448D6B00E0467B /* FlickrSearchDomainTests */,
			);
		};
/* End PBXProject section */

/* Begin PBXResourcesBuildPhase section */
		9C0EA64E26448D6B00E0467B /* Resources */ = {
			isa = PBXResourcesBuildPhase;
			buildActionMask = 2147483647;
			files = (
			);
			runOnlyForDeploymentPostprocessing = 0;
		};
		9C0EA65726448D6B00E0467B /* Resources */ = {
			isa = PBXResourcesBuildPhase;
			buildActionMask = 2147483647;
			files = (
			);
			runOnlyForDeploymentPostprocessing = 0;
		};
/* End PBXResourcesBuildPhase section */

/* Begin PBXSourcesBuildPhase section */
		9C0EA64C26448D6B00E0467B /* Sources */ = {
			isa = PBXSourcesBuildPhase;
			buildActionMask = 2147483647;
			files = (
				9C0EA6D02644911E00E0467B /* FlickrImagesDomainRepoInterface.swift in Sources */,
				9C0EA6CC26448F6E00E0467B /* FlickrImagesEntity.swift in Sources */,
				9C0EA6D52644915E00E0467B /* FlickrSearchError.swift in Sources */,
				9C0EA6DB264492B100E0467B /* FlickrImagesInteractor.swift in Sources */,
			);
			runOnlyForDeploymentPostprocessing = 0;
		};
		9C0EA65526448D6B00E0467B /* Sources */ = {
			isa = PBXSourcesBuildPhase;
			buildActionMask = 2147483647;
			files = (
				9C0EA65F26448D6B00E0467B /* FlickrSearchDomainTests.swift in Sources */,
			);
			runOnlyForDeploymentPostprocessing = 0;
		};
/* End PBXSourcesBuildPhase section */

/* Begin PBXTargetDependency section */
		9C0EA65C26448D6B00E0467B /* PBXTargetDependency */ = {
			isa = PBXTargetDependency;
			target = 9C0EA64F26448D6B00E0467B /* FlickrSearchDomain */;
			targetProxy = 9C0EA65B26448D6B00E0467B /* PBXContainerItemProxy */;
		};
/* End PBXTargetDependency section */

/* Begin XCBuildConfiguration section */
		9C0EA66226448D6B00E0467B /* Debug */ = {
			isa = XCBuildConfiguration;
			buildSettings = {
				ALWAYS_SEARCH_USER_PATHS = NO;
				CLANG_ANALYZER_NONNULL = YES;
				CLANG_ANALYZER_NUMBER_OBJECT_CONVERSION = YES_AGGRESSIVE;
				CLANG_CXX_LANGUAGE_STANDARD = "gnu++14";
				CLANG_CXX_LIBRARY = "libc++";
				CLANG_ENABLE_MODULES = YES;
				CLANG_ENABLE_OBJC_ARC = YES;
				CLANG_ENABLE_OBJC_WEAK = YES;
				CLANG_WARN_BLOCK_CAPTURE_AUTORELEASING = YES;
				CLANG_WARN_BOOL_CONVERSION = YES;
				CLANG_WARN_COMMA = YES;
				CLANG_WARN_CONSTANT_CONVERSION = YES;
				CLANG_WARN_DEPRECATED_OBJC_IMPLEMENTATIONS = YES;
				CLANG_WARN_DIRECT_OBJC_ISA_USAGE = YES_ERROR;
				CLANG_WARN_DOCUMENTATION_COMMENTS = YES;
				CLANG_WARN_EMPTY_BODY = YES;
				CLANG_WARN_ENUM_CONVERSION = YES;
				CLANG_WARN_INFINITE_RECURSION = YES;
				CLANG_WARN_INT_CONVERSION = YES;
				CLANG_WARN_NON_LITERAL_NULL_CONVERSION = YES;
				CLANG_WARN_OBJC_IMPLICIT_RETAIN_SELF = YES;
				CLANG_WARN_OBJC_LITERAL_CONVERSION = YES;
				CLANG_WARN_OBJC_ROOT_CLASS = YES_ERROR;
				CLANG_WARN_QUOTED_INCLUDE_IN_FRAMEWORK_HEADER = YES;
				CLANG_WARN_RANGE_LOOP_ANALYSIS = YES;
				CLANG_WARN_STRICT_PROTOTYPES = YES;
				CLANG_WARN_SUSPICIOUS_MOVE = YES;
				CLANG_WARN_UNGUARDED_AVAILABILITY = YES_AGGRESSIVE;
				CLANG_WARN_UNREACHABLE_CODE = YES;
				CLANG_WARN__DUPLICATE_METHOD_MATCH = YES;
				COPY_PHASE_STRIP = NO;
				CURRENT_PROJECT_VERSION = 1;
				DEBUG_INFORMATION_FORMAT = dwarf;
				ENABLE_STRICT_OBJC_MSGSEND = YES;
				ENABLE_TESTABILITY = YES;
				GCC_C_LANGUAGE_STANDARD = gnu11;
				GCC_DYNAMIC_NO_PIC = NO;
				GCC_NO_COMMON_BLOCKS = YES;
				GCC_OPTIMIZATION_LEVEL = 0;
				GCC_PREPROCESSOR_DEFINITIONS = (
					"DEBUG=1",
					"$(inherited)",
				);
				GCC_WARN_64_TO_32_BIT_CONVERSION = YES;
				GCC_WARN_ABOUT_RETURN_TYPE = YES_ERROR;
				GCC_WARN_UNDECLARED_SELECTOR = YES;
				GCC_WARN_UNINITIALIZED_AUTOS = YES_AGGRESSIVE;
				GCC_WARN_UNUSED_FUNCTION = YES;
				GCC_WARN_UNUSED_VARIABLE = YES;
				IPHONEOS_DEPLOYMENT_TARGET = 13.0;
				MTL_ENABLE_DEBUG_INFO = INCLUDE_SOURCE;
				MTL_FAST_MATH = YES;
				ONLY_ACTIVE_ARCH = YES;
				SDKROOT = iphoneos;
				SWIFT_ACTIVE_COMPILATION_CONDITIONS = DEBUG;
				SWIFT_OPTIMIZATION_LEVEL = "-Onone";
				VERSIONING_SYSTEM = "apple-generic";
				VERSION_INFO_PREFIX = "";
			};
			name = Debug;
		};
		9C0EA66326448D6B00E0467B /* Release */ = {
			isa = XCBuildConfiguration;
			buildSettings = {
				ALWAYS_SEARCH_USER_PATHS = NO;
				CLANG_ANALYZER_NONNULL = YES;
				CLANG_ANALYZER_NUMBER_OBJECT_CONVERSION = YES_AGGRESSIVE;
				CLANG_CXX_LANGUAGE_STANDARD = "gnu++14";
				CLANG_CXX_LIBRARY = "libc++";
				CLANG_ENABLE_MODULES = YES;
				CLANG_ENABLE_OBJC_ARC = YES;
				CLANG_ENABLE_OBJC_WEAK = YES;
				CLANG_WARN_BLOCK_CAPTURE_AUTORELEASING = YES;
				CLANG_WARN_BOOL_CONVERSION = YES;
				CLANG_WARN_COMMA = YES;
				CLANG_WARN_CONSTANT_CONVERSION = YES;
				CLANG_WARN_DEPRECATED_OBJC_IMPLEMENTATIONS = YES;
				CLANG_WARN_DIRECT_OBJC_ISA_USAGE = YES_ERROR;
				CLANG_WARN_DOCUMENTATION_COMMENTS = YES;
				CLANG_WARN_EMPTY_BODY = YES;
				CLANG_WARN_ENUM_CONVERSION = YES;
				CLANG_WARN_INFINITE_RECURSION = YES;
				CLANG_WARN_INT_CONVERSION = YES;
				CLANG_WARN_NON_LITERAL_NULL_CONVERSION = YES;
				CLANG_WARN_OBJC_IMPLICIT_RETAIN_SELF = YES;
				CLANG_WARN_OBJC_LITERAL_CONVERSION = YES;
				CLANG_WARN_OBJC_ROOT_CLASS = YES_ERROR;
				CLANG_WARN_QUOTED_INCLUDE_IN_FRAMEWORK_HEADER = YES;
				CLANG_WARN_RANGE_LOOP_ANALYSIS = YES;
				CLANG_WARN_STRICT_PROTOTYPES = YES;
				CLANG_WARN_SUSPICIOUS_MOVE = YES;
				CLANG_WARN_UNGUARDED_AVAILABILITY = YES_AGGRESSIVE;
				CLANG_WARN_UNREACHABLE_CODE = YES;
				CLANG_WARN__DUPLICATE_METHOD_MATCH = YES;
				COPY_PHASE_STRIP = NO;
				CURRENT_PROJECT_VERSION = 1;
				DEBUG_INFORMATION_FORMAT = "dwarf-with-dsym";
				ENABLE_NS_ASSERTIONS = NO;
				ENABLE_STRICT_OBJC_MSGSEND = YES;
				GCC_C_LANGUAGE_STANDARD = gnu11;
				GCC_NO_COMMON_BLOCKS = YES;
				GCC_WARN_64_TO_32_BIT_CONVERSION = YES;
				GCC_WARN_ABOUT_RETURN_TYPE = YES_ERROR;
				GCC_WARN_UNDECLARED_SELECTOR = YES;
				GCC_WARN_UNINITIALIZED_AUTOS = YES_AGGRESSIVE;
				GCC_WARN_UNUSED_FUNCTION = YES;
				GCC_WARN_UNUSED_VARIABLE = YES;
				IPHONEOS_DEPLOYMENT_TARGET = 13.0;
				MTL_ENABLE_DEBUG_INFO = NO;
				MTL_FAST_MATH = YES;
				SDKROOT = iphoneos;
				SWIFT_COMPILATION_MODE = wholemodule;
				SWIFT_OPTIMIZATION_LEVEL = "-O";
				VALIDATE_PRODUCT = YES;
				VERSIONING_SYSTEM = "apple-generic";
				VERSION_INFO_PREFIX = "";
			};
			name = Release;
		};
		9C0EA66526448D6B00E0467B /* Debug */ = {
			isa = XCBuildConfiguration;
			buildSettings = {
				CLANG_ENABLE_MODULES = YES;
				CODE_SIGN_STYLE = Automatic;
				DEFINES_MODULE = YES;
				DEVELOPMENT_TEAM = QCBY87LF55;
				DYLIB_COMPATIBILITY_VERSION = 1;
				DYLIB_CURRENT_VERSION = 1;
				DYLIB_INSTALL_NAME_BASE = "@rpath";
				INFOPLIST_FILE = FlickrSearchDomain/Info.plist;
				INSTALL_PATH = "$(LOCAL_LIBRARY_DIR)/Frameworks";
				LD_RUNPATH_SEARCH_PATHS = (
					"$(inherited)",
					"@executable_path/Frameworks",
					"@loader_path/Frameworks",
				);
				PRODUCT_BUNDLE_IDENTIFIER = com.mohabdelaty.FlickrSearchDomain;
				PRODUCT_NAME = "$(TARGET_NAME:c99extidentifier)";
				SKIP_INSTALL = YES;
				SWIFT_OPTIMIZATION_LEVEL = "-Onone";
				SWIFT_VERSION = 5.0;
				TARGETED_DEVICE_FAMILY = "1,2";
			};
			name = Debug;
		};
		9C0EA66626448D6B00E0467B /* Release */ = {
			isa = XCBuildConfiguration;
			buildSettings = {
				CLANG_ENABLE_MODULES = YES;
				CODE_SIGN_STYLE = Automatic;
				DEFINES_MODULE = YES;
				DEVELOPMENT_TEAM = QCBY87LF55;
				DYLIB_COMPATIBILITY_VERSION = 1;
				DYLIB_CURRENT_VERSION = 1;
				DYLIB_INSTALL_NAME_BASE = "@rpath";
				INFOPLIST_FILE = FlickrSearchDomain/Info.plist;
				INSTALL_PATH = "$(LOCAL_LIBRARY_DIR)/Frameworks";
				LD_RUNPATH_SEARCH_PATHS = (
					"$(inherited)",
					"@executable_path/Frameworks",
					"@loader_path/Frameworks",
				);
				PRODUCT_BUNDLE_IDENTIFIER = com.mohabdelaty.FlickrSearchDomain;
				PRODUCT_NAME = "$(TARGET_NAME:c99extidentifier)";
				SKIP_INSTALL = YES;
				SWIFT_VERSION = 5.0;
				TARGETED_DEVICE_FAMILY = "1,2";
			};
			name = Release;
		};
		9C0EA66826448D6B00E0467B /* Debug */ = {
			isa = XCBuildConfiguration;
			buildSettings = {
				ALWAYS_EMBED_SWIFT_STANDARD_LIBRARIES = YES;
				CODE_SIGN_STYLE = Automatic;
				DEVELOPMENT_TEAM = QCBY87LF55;
				INFOPLIST_FILE = FlickrSearchDomainTests/Info.plist;
				LD_RUNPATH_SEARCH_PATHS = (
					"$(inherited)",
					"@executable_path/Frameworks",
					"@loader_path/Frameworks",
				);
				PRODUCT_BUNDLE_IDENTIFIER = com.mohabdelaty.FlickrSearchDomainTests;
				PRODUCT_NAME = "$(TARGET_NAME)";
				SWIFT_VERSION = 5.0;
				TARGETED_DEVICE_FAMILY = "1,2";
			};
			name = Debug;
		};
		9C0EA66926448D6B00E0467B /* Release */ = {
			isa = XCBuildConfiguration;
			buildSettings = {
				ALWAYS_EMBED_SWIFT_STANDARD_LIBRARIES = YES;
				CODE_SIGN_STYLE = Automatic;
				DEVELOPMENT_TEAM = QCBY87LF55;
				INFOPLIST_FILE = FlickrSearchDomainTests/Info.plist;
				LD_RUNPATH_SEARCH_PATHS = (
					"$(inherited)",
					"@executable_path/Frameworks",
					"@loader_path/Frameworks",
				);
				PRODUCT_BUNDLE_IDENTIFIER = com.mohabdelaty.FlickrSearchDomainTests;
				PRODUCT_NAME = "$(TARGET_NAME)";
				SWIFT_VERSION = 5.0;
				TARGETED_DEVICE_FAMILY = "1,2";
			};
			name = Release;
		};
/* End XCBuildConfiguration section */

/* Begin XCConfigurationList section */
		9C0EA64A26448D6B00E0467B /* Build configuration list for PBXProject "FlickrSearchDomain" */ = {
			isa = XCConfigurationList;
			buildConfigurations = (
				9C0EA66226448D6B00E0467B /* Debug */,
				9C0EA66326448D6B00E0467B /* Release */,
			);
			defaultConfigurationIsVisible = 0;
			defaultConfigurationName = Release;
		};
		9C0EA66426448D6B00E0467B /* Build configuration list for PBXNativeTarget "FlickrSearchDomain" */ = {
			isa = XCConfigurationList;
			buildConfigurations = (
				9C0EA66526448D6B00E0467B /* Debug */,
				9C0EA66626448D6B00E0467B /* Release */,
			);
			defaultConfigurationIsVisible = 0;
			defaultConfigurationName = Release;
		};
		9C0EA66726448D6B00E0467B /* Build configuration list for PBXNativeTarget "FlickrSearchDomainTests" */ = {
			isa = XCConfigurationList;
			buildConfigurations = (
				9C0EA66826448D6B00E0467B /* Debug */,
				9C0EA66926448D6B00E0467B /* Release */,
			);
			defaultConfigurationIsVisible = 0;
			defaultConfigurationName = Release;
		};
/* End XCConfigurationList section */
	};
	rootObject = 9C0EA64726448D6B00E0467B /* Project object */;
}
